
Microsoft Visual Studio Solution File, Format Version 12.00
# Visual Studio Version 17
VisualStudioVersion = 17.13.35806.99 d17.13
MinimumVisualStudioVersion = 10.0.40219.1
Project("{FAE04EC0-301F-11D3-BF4B-00C04F79EFBC}") = "MKInformacineSistemaBack", "MKInformacineSistemaBack.csproj", "{BB196FBF-95A5-425A-AAF9-168F42ABE859}"
EndProject
Global
	GlobalSection(SolutionConfigurationPlatforms) = preSolution
		Debug|Any CPU = Debug|Any CPU
		Release|Any CPU = Release|Any CPU
	EndGlobalSection
	GlobalSection(ProjectConfigurationPlatforms) = postSolution
		{BB196FBF-95A5-425A-AAF9-168F42ABE859}.Debug|Any CPU.ActiveCfg = Debug|Any CPU
		{BB196FBF-95A5-425A-AAF9-168F42ABE859}.Debug|Any CPU.Build.0 = Debug|Any CPU
		{BB196FBF-95A5-425A-AAF9-168F42ABE859}.Release|Any CPU.ActiveCfg = Release|Any CPU
		{BB196FBF-95A5-425A-AAF9-168F42ABE859}.Release|Any CPU.Build.0 = Release|Any CPU
	EndGlobalSection
	GlobalSection(SolutionProperties) = preSolution
		HideSolutionNode = FALSE
	EndGlobalSection
	GlobalSection(ExtensibilityGlobals) = postSolution
		SolutionGuid = {39CE507F-1CB1-4056-B8E7-5BF204BC0F16}
	EndGlobalSection
EndGlobal
